// !$*UTF8*$!
{
	archiveVersion = 1;
	classes = {
	};
	objectVersion = 50;
	objects = {

/* Begin PBXBuildFile section */
		FB0F572F26B9D74600DAEE2E /* MainStackBackground.swift in Sources */ = {isa = PBXBuildFile; fileRef = FB0F572E26B9D74600DAEE2E /* MainStackBackground.swift */; };
		FB2BC06226BB551D003EDCDC /* Locate.swift in Sources */ = {isa = PBXBuildFile; fileRef = FB2BC06126BB551D003EDCDC /* Locate.swift */; };
		FB2BC08526BC70AE003EDCDC /* ForecastService.swift in Sources */ = {isa = PBXBuildFile; fileRef = FB2BC08426BC70AE003EDCDC /* ForecastService.swift */; };
		FB2BC08726BC7B5B003EDCDC /* ForecastResponse.swift in Sources */ = {isa = PBXBuildFile; fileRef = FB2BC08626BC7B5B003EDCDC /* ForecastResponse.swift */; };
		FB2BC08926BCB0C4003EDCDC /* ForecastImageView.swift in Sources */ = {isa = PBXBuildFile; fileRef = FB2BC08826BCB0C4003EDCDC /* ForecastImageView.swift */; };
		FB2BC08B26BD98D5003EDCDC /* ForecastView.swift in Sources */ = {isa = PBXBuildFile; fileRef = FB2BC08A26BD98D5003EDCDC /* ForecastView.swift */; };
		FB2BC08F26BDA320003EDCDC /* DayOfWeek.swift in Sources */ = {isa = PBXBuildFile; fileRef = FB2BC08E26BDA320003EDCDC /* DayOfWeek.swift */; };
		FBE3526426B71B47006812CE /* ErrorAlert.swift in Sources */ = {isa = PBXBuildFile; fileRef = FBE3526326B71B47006812CE /* ErrorAlert.swift */; };
		FBE3526626B72D75006812CE /* Error.swift in Sources */ = {isa = PBXBuildFile; fileRef = FBE3526526B72D75006812CE /* Error.swift */; };
		FBE3526826B732F9006812CE /* ImageName.swift in Sources */ = {isa = PBXBuildFile; fileRef = FBE3526726B732F9006812CE /* ImageName.swift */; };
		FBE3526A26B733F4006812CE /* ImageView.swift in Sources */ = {isa = PBXBuildFile; fileRef = FBE3526926B733F4006812CE /* ImageView.swift */; };
		FBE3526F26B78558006812CE /* LocationManager.swift in Sources */ = {isa = PBXBuildFile; fileRef = FBE3526E26B78558006812CE /* LocationManager.swift */; };
		FBE3527626B7E346006812CE /* IsNight.swift in Sources */ = {isa = PBXBuildFile; fileRef = FBE3527526B7E346006812CE /* IsNight.swift */; };
		FBE3527A26B89FD5006812CE /* TextBoxView.swift in Sources */ = {isa = PBXBuildFile; fileRef = FBE3527926B89FD5006812CE /* TextBoxView.swift */; };
		FBE3528526B8A18E006812CE /* DateViewModel.swift in Sources */ = {isa = PBXBuildFile; fileRef = FBE3528426B8A18E006812CE /* DateViewModel.swift */; };
		FBE3528726B8AB61006812CE /* DescriptionView.swift in Sources */ = {isa = PBXBuildFile; fileRef = FBE3528626B8AB61006812CE /* DescriptionView.swift */; };
		FBE3528F26B8F6E3006812CE /* RandomCity.swift in Sources */ = {isa = PBXBuildFile; fileRef = FBE3528E26B8F6E3006812CE /* RandomCity.swift */; };
		FBE6273E26C33E88006364EE /* RefreshAndLocateView.swift in Sources */ = {isa = PBXBuildFile; fileRef = FBE6273D26C33E88006364EE /* RefreshAndLocateView.swift */; };
		FBE6274226C33FAC006364EE /* MainContentView.swift in Sources */ = {isa = PBXBuildFile; fileRef = FBE6274126C33FAC006364EE /* MainContentView.swift */; };
		FBE6274426C33FEF006364EE /* HourlyForecastView.swift in Sources */ = {isa = PBXBuildFile; fileRef = FBE6274326C33FEF006364EE /* HourlyForecastView.swift */; };
		FBE6274626C3400E006364EE /* WeeklyForecastView.swift in Sources */ = {isa = PBXBuildFile; fileRef = FBE6274526C3400E006364EE /* WeeklyForecastView.swift */; };
		FBE6274826C37CAC006364EE /* LocationDetailView.swift in Sources */ = {isa = PBXBuildFile; fileRef = FBE6274726C37CAC006364EE /* LocationDetailView.swift */; };
		FBE6274A26C37DAA006364EE /* ImageDetail.swift in Sources */ = {isa = PBXBuildFile; fileRef = FBE6274926C37DAA006364EE /* ImageDetail.swift */; };
		FBE6274C26C38940006364EE /* SearchedLocationView.swift in Sources */ = {isa = PBXBuildFile; fileRef = FBE6274B26C38940006364EE /* SearchedLocationView.swift */; };
		FBE6275026C39A5F006364EE /* SlideMenu.swift in Sources */ = {isa = PBXBuildFile; fileRef = FBE6274F26C39A5F006364EE /* SlideMenu.swift */; };
		FBE6275226C4407B006364EE /* LocationButton.swift in Sources */ = {isa = PBXBuildFile; fileRef = FBE6275126C4407B006364EE /* LocationButton.swift */; };
		FBE6275426C447DD006364EE /* LocationName.swift in Sources */ = {isa = PBXBuildFile; fileRef = FBE6275326C447DD006364EE /* LocationName.swift */; };
		FBE6275826C45AF0006364EE /* MainLocationView.swift in Sources */ = {isa = PBXBuildFile; fileRef = FBE6275726C45AF0006364EE /* MainLocationView.swift */; };
		FBF0949C26B3604D00B0EB70 /* AppDelegate.swift in Sources */ = {isa = PBXBuildFile; fileRef = FBF0949B26B3604D00B0EB70 /* AppDelegate.swift */; };
		FBF0949E26B3604D00B0EB70 /* SceneDelegate.swift in Sources */ = {isa = PBXBuildFile; fileRef = FBF0949D26B3604D00B0EB70 /* SceneDelegate.swift */; };
		FBF094A026B3604D00B0EB70 /* ContentView.swift in Sources */ = {isa = PBXBuildFile; fileRef = FBF0949F26B3604D00B0EB70 /* ContentView.swift */; };
		FBF094A226B3604E00B0EB70 /* Assets.xcassets in Resources */ = {isa = PBXBuildFile; fileRef = FBF094A126B3604E00B0EB70 /* Assets.xcassets */; };
		FBF094A526B3604E00B0EB70 /* Preview Assets.xcassets in Resources */ = {isa = PBXBuildFile; fileRef = FBF094A426B3604E00B0EB70 /* Preview Assets.xcassets */; };
		FBF094A826B3604E00B0EB70 /* LaunchScreen.storyboard in Resources */ = {isa = PBXBuildFile; fileRef = FBF094A626B3604E00B0EB70 /* LaunchScreen.storyboard */; };
		FBF094B126B3647A00B0EB70 /* WeatherMain.swift in Sources */ = {isa = PBXBuildFile; fileRef = FBF094B026B3647A00B0EB70 /* WeatherMain.swift */; };
		FBF094B426B3652400B0EB70 /* WeatherService.swift in Sources */ = {isa = PBXBuildFile; fileRef = FBF094B326B3652400B0EB70 /* WeatherService.swift */; };
		FBF094B726B4A89400B0EB70 /* WeatherViewModel.swift in Sources */ = {isa = PBXBuildFile; fileRef = FBF094B626B4A89400B0EB70 /* WeatherViewModel.swift */; };
/* End PBXBuildFile section */

/* Begin PBXFileReference section */
		FB0F572E26B9D74600DAEE2E /* MainStackBackground.swift */ = {isa = PBXFileReference; lastKnownFileType = sourcecode.swift; path = MainStackBackground.swift; sourceTree = "<group>"; };
		FB2BC06126BB551D003EDCDC /* Locate.swift */ = {isa = PBXFileReference; lastKnownFileType = sourcecode.swift; path = Locate.swift; sourceTree = "<group>"; };
		FB2BC08426BC70AE003EDCDC /* ForecastService.swift */ = {isa = PBXFileReference; lastKnownFileType = sourcecode.swift; path = ForecastService.swift; sourceTree = "<group>"; };
		FB2BC08626BC7B5B003EDCDC /* ForecastResponse.swift */ = {isa = PBXFileReference; lastKnownFileType = sourcecode.swift; path = ForecastResponse.swift; sourceTree = "<group>"; };
		FB2BC08826BCB0C4003EDCDC /* ForecastImageView.swift */ = {isa = PBXFileReference; lastKnownFileType = sourcecode.swift; path = ForecastImageView.swift; sourceTree = "<group>"; };
		FB2BC08A26BD98D5003EDCDC /* ForecastView.swift */ = {isa = PBXFileReference; lastKnownFileType = sourcecode.swift; path = ForecastView.swift; sourceTree = "<group>"; };
		FB2BC08E26BDA320003EDCDC /* DayOfWeek.swift */ = {isa = PBXFileReference; lastKnownFileType = sourcecode.swift; path = DayOfWeek.swift; sourceTree = "<group>"; };
		FBE3526326B71B47006812CE /* ErrorAlert.swift */ = {isa = PBXFileReference; lastKnownFileType = sourcecode.swift; path = ErrorAlert.swift; sourceTree = "<group>"; };
		FBE3526526B72D75006812CE /* Error.swift */ = {isa = PBXFileReference; lastKnownFileType = sourcecode.swift; path = Error.swift; sourceTree = "<group>"; };
		FBE3526726B732F9006812CE /* ImageName.swift */ = {isa = PBXFileReference; lastKnownFileType = sourcecode.swift; path = ImageName.swift; sourceTree = "<group>"; };
		FBE3526926B733F4006812CE /* ImageView.swift */ = {isa = PBXFileReference; lastKnownFileType = sourcecode.swift; path = ImageView.swift; sourceTree = "<group>"; };
		FBE3526E26B78558006812CE /* LocationManager.swift */ = {isa = PBXFileReference; lastKnownFileType = sourcecode.swift; path = LocationManager.swift; sourceTree = "<group>"; };
		FBE3527526B7E346006812CE /* IsNight.swift */ = {isa = PBXFileReference; lastKnownFileType = sourcecode.swift; path = IsNight.swift; sourceTree = "<group>"; };
		FBE3527926B89FD5006812CE /* TextBoxView.swift */ = {isa = PBXFileReference; lastKnownFileType = sourcecode.swift; path = TextBoxView.swift; sourceTree = "<group>"; };
		FBE3528426B8A18E006812CE /* DateViewModel.swift */ = {isa = PBXFileReference; lastKnownFileType = sourcecode.swift; path = DateViewModel.swift; sourceTree = "<group>"; };
		FBE3528626B8AB61006812CE /* DescriptionView.swift */ = {isa = PBXFileReference; lastKnownFileType = sourcecode.swift; path = DescriptionView.swift; sourceTree = "<group>"; };
		FBE3528E26B8F6E3006812CE /* RandomCity.swift */ = {isa = PBXFileReference; lastKnownFileType = sourcecode.swift; path = RandomCity.swift; sourceTree = "<group>"; };
		FBE6273D26C33E88006364EE /* RefreshAndLocateView.swift */ = {isa = PBXFileReference; lastKnownFileType = sourcecode.swift; path = RefreshAndLocateView.swift; sourceTree = "<group>"; };
		FBE6274126C33FAC006364EE /* MainContentView.swift */ = {isa = PBXFileReference; lastKnownFileType = sourcecode.swift; path = MainContentView.swift; sourceTree = "<group>"; };
		FBE6274326C33FEF006364EE /* HourlyForecastView.swift */ = {isa = PBXFileReference; lastKnownFileType = sourcecode.swift; path = HourlyForecastView.swift; sourceTree = "<group>"; };
		FBE6274526C3400E006364EE /* WeeklyForecastView.swift */ = {isa = PBXFileReference; lastKnownFileType = sourcecode.swift; path = WeeklyForecastView.swift; sourceTree = "<group>"; };
		FBE6274726C37CAC006364EE /* LocationDetailView.swift */ = {isa = PBXFileReference; lastKnownFileType = sourcecode.swift; path = LocationDetailView.swift; sourceTree = "<group>"; };
		FBE6274926C37DAA006364EE /* ImageDetail.swift */ = {isa = PBXFileReference; lastKnownFileType = sourcecode.swift; path = ImageDetail.swift; sourceTree = "<group>"; };
		FBE6274B26C38940006364EE /* SearchedLocationView.swift */ = {isa = PBXFileReference; lastKnownFileType = sourcecode.swift; path = SearchedLocationView.swift; sourceTree = "<group>"; };
		FBE6274F26C39A5F006364EE /* SlideMenu.swift */ = {isa = PBXFileReference; lastKnownFileType = sourcecode.swift; path = SlideMenu.swift; sourceTree = "<group>"; };
		FBE6275126C4407B006364EE /* LocationButton.swift */ = {isa = PBXFileReference; lastKnownFileType = sourcecode.swift; path = LocationButton.swift; sourceTree = "<group>"; };
		FBE6275326C447DD006364EE /* LocationName.swift */ = {isa = PBXFileReference; lastKnownFileType = sourcecode.swift; path = LocationName.swift; sourceTree = "<group>"; };
		FBE6275726C45AF0006364EE /* MainLocationView.swift */ = {isa = PBXFileReference; lastKnownFileType = sourcecode.swift; path = MainLocationView.swift; sourceTree = "<group>"; };
		FBF0949826B3604D00B0EB70 /* SkyCue.app */ = {isa = PBXFileReference; explicitFileType = wrapper.application; includeInIndex = 0; path = SkyCue.app; sourceTree = BUILT_PRODUCTS_DIR; };
		FBF0949B26B3604D00B0EB70 /* AppDelegate.swift */ = {isa = PBXFileReference; lastKnownFileType = sourcecode.swift; path = AppDelegate.swift; sourceTree = "<group>"; };
		FBF0949D26B3604D00B0EB70 /* SceneDelegate.swift */ = {isa = PBXFileReference; lastKnownFileType = sourcecode.swift; path = SceneDelegate.swift; sourceTree = "<group>"; };
		FBF0949F26B3604D00B0EB70 /* ContentView.swift */ = {isa = PBXFileReference; lastKnownFileType = sourcecode.swift; path = ContentView.swift; sourceTree = "<group>"; };
		FBF094A126B3604E00B0EB70 /* Assets.xcassets */ = {isa = PBXFileReference; lastKnownFileType = folder.assetcatalog; path = Assets.xcassets; sourceTree = "<group>"; };
		FBF094A426B3604E00B0EB70 /* Preview Assets.xcassets */ = {isa = PBXFileReference; lastKnownFileType = folder.assetcatalog; path = "Preview Assets.xcassets"; sourceTree = "<group>"; };
		FBF094A726B3604E00B0EB70 /* Base */ = {isa = PBXFileReference; lastKnownFileType = file.storyboard; name = Base; path = Base.lproj/LaunchScreen.storyboard; sourceTree = "<group>"; };
		FBF094A926B3604E00B0EB70 /* Info.plist */ = {isa = PBXFileReference; lastKnownFileType = text.plist.xml; path = Info.plist; sourceTree = "<group>"; };
		FBF094B026B3647A00B0EB70 /* WeatherMain.swift */ = {isa = PBXFileReference; lastKnownFileType = sourcecode.swift; path = WeatherMain.swift; sourceTree = "<group>"; };
		FBF094B326B3652400B0EB70 /* WeatherService.swift */ = {isa = PBXFileReference; lastKnownFileType = sourcecode.swift; path = WeatherService.swift; sourceTree = "<group>"; };
		FBF094B626B4A89400B0EB70 /* WeatherViewModel.swift */ = {isa = PBXFileReference; lastKnownFileType = sourcecode.swift; path = WeatherViewModel.swift; sourceTree = "<group>"; };
/* End PBXFileReference section */

/* Begin PBXFrameworksBuildPhase section */
		FBF0949526B3604D00B0EB70 /* Frameworks */ = {
			isa = PBXFrameworksBuildPhase;
			buildActionMask = 2147483647;
			files = (
			);
			runOnlyForDeploymentPostprocessing = 0;
		};
/* End PBXFrameworksBuildPhase section */

/* Begin PBXGroup section */
		FBE3526D26B78537006812CE /* LocationModels */ = {
			isa = PBXGroup;
			children = (
				FBE3526E26B78558006812CE /* LocationManager.swift */,
				FB2BC06126BB551D003EDCDC /* Locate.swift */,
			);
			path = LocationModels;
			sourceTree = "<group>";
		};
		FBE3527B26B8A044006812CE /* Views */ = {
			isa = PBXGroup;
			children = (
				FBE3526926B733F4006812CE /* ImageView.swift */,
				FB2BC08A26BD98D5003EDCDC /* ForecastView.swift */,
				FBE6274326C33FEF006364EE /* HourlyForecastView.swift */,
				FBE6274526C3400E006364EE /* WeeklyForecastView.swift */,
				FB2BC08826BCB0C4003EDCDC /* ForecastImageView.swift */,
				FBE3527926B89FD5006812CE /* TextBoxView.swift */,
				FBE6274B26C38940006364EE /* SearchedLocationView.swift */,
				FBE3526326B71B47006812CE /* ErrorAlert.swift */,
				FBE6274726C37CAC006364EE /* LocationDetailView.swift */,
				FBE6274926C37DAA006364EE /* ImageDetail.swift */,
				FBE3528626B8AB61006812CE /* DescriptionView.swift */,
				FB0F572E26B9D74600DAEE2E /* MainStackBackground.swift */,
				FBE6273D26C33E88006364EE /* RefreshAndLocateView.swift */,
				FBE6274126C33FAC006364EE /* MainContentView.swift */,
				FBE6275726C45AF0006364EE /* MainLocationView.swift */,
				FBE6275126C4407B006364EE /* LocationButton.swift */,
				FBE6274F26C39A5F006364EE /* SlideMenu.swift */,
			);
			path = Views;
			sourceTree = "<group>";
		};
		FBF0948F26B3604D00B0EB70 = {
			isa = PBXGroup;
			children = (
				FBF0949A26B3604D00B0EB70 /* SkyCue */,
				FBF0949926B3604D00B0EB70 /* Products */,
			);
			sourceTree = "<group>";
		};
		FBF0949926B3604D00B0EB70 /* Products */ = {
			isa = PBXGroup;
			children = (
				FBF0949826B3604D00B0EB70 /* SkyCue.app */,
			);
			name = Products;
			sourceTree = "<group>";
		};
		FBF0949A26B3604D00B0EB70 /* SkyCue */ = {
			isa = PBXGroup;
			children = (
				FBE3526D26B78537006812CE /* LocationModels */,
				FBF094B526B4A87D00B0EB70 /* ViewModels */,
				FBF094B226B3651000B0EB70 /* Services */,
				FBF094AF26B3645F00B0EB70 /* Models */,
				FBF0949B26B3604D00B0EB70 /* AppDelegate.swift */,
				FBE3527B26B8A044006812CE /* Views */,
				FBF0949D26B3604D00B0EB70 /* SceneDelegate.swift */,
				FBF0949F26B3604D00B0EB70 /* ContentView.swift */,
				FBF094A126B3604E00B0EB70 /* Assets.xcassets */,
				FBF094A626B3604E00B0EB70 /* LaunchScreen.storyboard */,
				FBF094A926B3604E00B0EB70 /* Info.plist */,
				FBF094A326B3604E00B0EB70 /* Preview Content */,
			);
			path = SkyCue;
			sourceTree = "<group>";
		};
		FBF094A326B3604E00B0EB70 /* Preview Content */ = {
			isa = PBXGroup;
			children = (
				FBF094A426B3604E00B0EB70 /* Preview Assets.xcassets */,
			);
			path = "Preview Content";
			sourceTree = "<group>";
		};
		FBF094AF26B3645F00B0EB70 /* Models */ = {
			isa = PBXGroup;
			children = (
				FBE3526526B72D75006812CE /* Error.swift */,
				FB2BC08E26BDA320003EDCDC /* DayOfWeek.swift */,
				FBE3526726B732F9006812CE /* ImageName.swift */,
				FBE3527526B7E346006812CE /* IsNight.swift */,
				FBE6275326C447DD006364EE /* LocationName.swift */,
				FBF094B026B3647A00B0EB70 /* WeatherMain.swift */,
				FB2BC08626BC7B5B003EDCDC /* ForecastResponse.swift */,
				FBE3528E26B8F6E3006812CE /* RandomCity.swift */,
			);
			path = Models;
			sourceTree = "<group>";
		};
		FBF094B226B3651000B0EB70 /* Services */ = {
			isa = PBXGroup;
			children = (
				FBF094B326B3652400B0EB70 /* WeatherService.swift */,
				FB2BC08426BC70AE003EDCDC /* ForecastService.swift */,
			);
			path = Services;
			sourceTree = "<group>";
		};
		FBF094B526B4A87D00B0EB70 /* ViewModels */ = {
			isa = PBXGroup;
			children = (
				FBF094B626B4A89400B0EB70 /* WeatherViewModel.swift */,
				FBE3528426B8A18E006812CE /* DateViewModel.swift */,
			);
			path = ViewModels;
			sourceTree = "<group>";
		};
/* End PBXGroup section */

/* Begin PBXNativeTarget section */
		FBF0949726B3604D00B0EB70 /* SkyCue */ = {
			isa = PBXNativeTarget;
			buildConfigurationList = FBF094AC26B3604E00B0EB70 /* Build configuration list for PBXNativeTarget "SkyCue" */;
			buildPhases = (
				FBF0949426B3604D00B0EB70 /* Sources */,
				FBF0949526B3604D00B0EB70 /* Frameworks */,
				FBF0949626B3604D00B0EB70 /* Resources */,
			);
			buildRules = (
			);
			dependencies = (
			);
			name = SkyCue;
			productName = Weather;
			productReference = FBF0949826B3604D00B0EB70 /* SkyCue.app */;
			productType = "com.apple.product-type.application";
		};
/* End PBXNativeTarget section */

/* Begin PBXProject section */
		FBF0949026B3604D00B0EB70 /* Project object */ = {
			isa = PBXProject;
			attributes = {
				LastSwiftUpdateCheck = 1250;
				LastUpgradeCheck = 1250;
				TargetAttributes = {
					FBF0949726B3604D00B0EB70 = {
						CreatedOnToolsVersion = 12.5.1;
					};
				};
			};
			buildConfigurationList = FBF0949326B3604D00B0EB70 /* Build configuration list for PBXProject "SkyCue" */;
			compatibilityVersion = "Xcode 9.3";
			developmentRegion = en;
			hasScannedForEncodings = 0;
			knownRegions = (
				en,
				Base,
			);
			mainGroup = FBF0948F26B3604D00B0EB70;
			productRefGroup = FBF0949926B3604D00B0EB70 /* Products */;
			projectDirPath = "";
			projectRoot = "";
			targets = (
				FBF0949726B3604D00B0EB70 /* SkyCue */,
			);
		};
/* End PBXProject section */

/* Begin PBXResourcesBuildPhase section */
		FBF0949626B3604D00B0EB70 /* Resources */ = {
			isa = PBXResourcesBuildPhase;
			buildActionMask = 2147483647;
			files = (
				FBF094A826B3604E00B0EB70 /* LaunchScreen.storyboard in Resources */,
				FBF094A526B3604E00B0EB70 /* Preview Assets.xcassets in Resources */,
				FBF094A226B3604E00B0EB70 /* Assets.xcassets in Resources */,
			);
			runOnlyForDeploymentPostprocessing = 0;
		};
/* End PBXResourcesBuildPhase section */

/* Begin PBXSourcesBuildPhase section */
		FBF0949426B3604D00B0EB70 /* Sources */ = {
			isa = PBXSourcesBuildPhase;
			buildActionMask = 2147483647;
			files = (
				FB0F572F26B9D74600DAEE2E /* MainStackBackground.swift in Sources */,
				FBF094B426B3652400B0EB70 /* WeatherService.swift in Sources */,
				FBF094B726B4A89400B0EB70 /* WeatherViewModel.swift in Sources */,
				FBF0949C26B3604D00B0EB70 /* AppDelegate.swift in Sources */,
				FBE6275226C4407B006364EE /* LocationButton.swift in Sources */,
				FBE3528726B8AB61006812CE /* DescriptionView.swift in Sources */,
				FBE6273E26C33E88006364EE /* RefreshAndLocateView.swift in Sources */,
				FB2BC08B26BD98D5003EDCDC /* ForecastView.swift in Sources */,
				FBE6274826C37CAC006364EE /* LocationDetailView.swift in Sources */,
				FBE3528526B8A18E006812CE /* DateViewModel.swift in Sources */,
				FB2BC08526BC70AE003EDCDC /* ForecastService.swift in Sources */,
				FBE3526A26B733F4006812CE /* ImageView.swift in Sources */,
				FBF0949E26B3604D00B0EB70 /* SceneDelegate.swift in Sources */,
				FBE6275426C447DD006364EE /* LocationName.swift in Sources */,
				FBE6274C26C38940006364EE /* SearchedLocationView.swift in Sources */,
				FBE3526426B71B47006812CE /* ErrorAlert.swift in Sources */,
				FBE3526826B732F9006812CE /* ImageName.swift in Sources */,
				FBE6275026C39A5F006364EE /* SlideMenu.swift in Sources */,
				FBE6275826C45AF0006364EE /* MainLocationView.swift in Sources */,
				FBE3527626B7E346006812CE /* IsNight.swift in Sources */,
				FBE3526F26B78558006812CE /* LocationManager.swift in Sources */,
				FBF094B126B3647A00B0EB70 /* WeatherMain.swift in Sources */,
				FB2BC06226BB551D003EDCDC /* Locate.swift in Sources */,
				FBE3528F26B8F6E3006812CE /* RandomCity.swift in Sources */,
				FBE6274A26C37DAA006364EE /* ImageDetail.swift in Sources */,
				FBE6274426C33FEF006364EE /* HourlyForecastView.swift in Sources */,
				FBE3526626B72D75006812CE /* Error.swift in Sources */,
				FB2BC08F26BDA320003EDCDC /* DayOfWeek.swift in Sources */,
				FBE6274626C3400E006364EE /* WeeklyForecastView.swift in Sources */,
				FB2BC08726BC7B5B003EDCDC /* ForecastResponse.swift in Sources */,
				FBF094A026B3604D00B0EB70 /* ContentView.swift in Sources */,
				FBE3527A26B89FD5006812CE /* TextBoxView.swift in Sources */,
				FB2BC08926BCB0C4003EDCDC /* ForecastImageView.swift in Sources */,
				FBE6274226C33FAC006364EE /* MainContentView.swift in Sources */,
			);
			runOnlyForDeploymentPostprocessing = 0;
		};
/* End PBXSourcesBuildPhase section */

/* Begin PBXVariantGroup section */
		FBF094A626B3604E00B0EB70 /* LaunchScreen.storyboard */ = {
			isa = PBXVariantGroup;
			children = (
				FBF094A726B3604E00B0EB70 /* Base */,
			);
			name = LaunchScreen.storyboard;
			sourceTree = "<group>";
		};
/* End PBXVariantGroup section */

/* Begin XCBuildConfiguration section */
		FBF094AA26B3604E00B0EB70 /* Debug */ = {
			isa = XCBuildConfiguration;
			buildSettings = {
				ALWAYS_SEARCH_USER_PATHS = NO;
				CLANG_ANALYZER_NONNULL = YES;
				CLANG_ANALYZER_NUMBER_OBJECT_CONVERSION = YES_AGGRESSIVE;
				CLANG_CXX_LANGUAGE_STANDARD = "gnu++14";
				CLANG_CXX_LIBRARY = "libc++";
				CLANG_ENABLE_MODULES = YES;
				CLANG_ENABLE_OBJC_ARC = YES;
				CLANG_ENABLE_OBJC_WEAK = YES;
				CLANG_WARN_BLOCK_CAPTURE_AUTORELEASING = YES;
				CLANG_WARN_BOOL_CONVERSION = YES;
				CLANG_WARN_COMMA = YES;
				CLANG_WARN_CONSTANT_CONVERSION = YES;
				CLANG_WARN_DEPRECATED_OBJC_IMPLEMENTATIONS = YES;
				CLANG_WARN_DIRECT_OBJC_ISA_USAGE = YES_ERROR;
				CLANG_WARN_DOCUMENTATION_COMMENTS = YES;
				CLANG_WARN_EMPTY_BODY = YES;
				CLANG_WARN_ENUM_CONVERSION = YES;
				CLANG_WARN_INFINITE_RECURSION = YES;
				CLANG_WARN_INT_CONVERSION = YES;
				CLANG_WARN_NON_LITERAL_NULL_CONVERSION = YES;
				CLANG_WARN_OBJC_IMPLICIT_RETAIN_SELF = YES;
				CLANG_WARN_OBJC_LITERAL_CONVERSION = YES;
				CLANG_WARN_OBJC_ROOT_CLASS = YES_ERROR;
				CLANG_WARN_QUOTED_INCLUDE_IN_FRAMEWORK_HEADER = YES;
				CLANG_WARN_RANGE_LOOP_ANALYSIS = YES;
				CLANG_WARN_STRICT_PROTOTYPES = YES;
				CLANG_WARN_SUSPICIOUS_MOVE = YES;
				CLANG_WARN_UNGUARDED_AVAILABILITY = YES_AGGRESSIVE;
				CLANG_WARN_UNREACHABLE_CODE = YES;
				CLANG_WARN__DUPLICATE_METHOD_MATCH = YES;
				COPY_PHASE_STRIP = NO;
				DEBUG_INFORMATION_FORMAT = dwarf;
				ENABLE_STRICT_OBJC_MSGSEND = YES;
				ENABLE_TESTABILITY = YES;
				GCC_C_LANGUAGE_STANDARD = gnu11;
				GCC_DYNAMIC_NO_PIC = NO;
				GCC_NO_COMMON_BLOCKS = YES;
				GCC_OPTIMIZATION_LEVEL = 0;
				GCC_PREPROCESSOR_DEFINITIONS = (
					"DEBUG=1",
					"$(inherited)",
				);
				GCC_WARN_64_TO_32_BIT_CONVERSION = YES;
				GCC_WARN_ABOUT_RETURN_TYPE = YES_ERROR;
				GCC_WARN_UNDECLARED_SELECTOR = YES;
				GCC_WARN_UNINITIALIZED_AUTOS = YES_AGGRESSIVE;
				GCC_WARN_UNUSED_FUNCTION = YES;
				GCC_WARN_UNUSED_VARIABLE = YES;
				IPHONEOS_DEPLOYMENT_TARGET = 14.5;
				MTL_ENABLE_DEBUG_INFO = INCLUDE_SOURCE;
				MTL_FAST_MATH = YES;
				ONLY_ACTIVE_ARCH = YES;
				SDKROOT = iphoneos;
				SWIFT_ACTIVE_COMPILATION_CONDITIONS = DEBUG;
				SWIFT_OPTIMIZATION_LEVEL = "-Onone";
			};
			name = Debug;
		};
		FBF094AB26B3604E00B0EB70 /* Release */ = {
			isa = XCBuildConfiguration;
			buildSettings = {
				ALWAYS_SEARCH_USER_PATHS = NO;
				CLANG_ANALYZER_NONNULL = YES;
				CLANG_ANALYZER_NUMBER_OBJECT_CONVERSION = YES_AGGRESSIVE;
				CLANG_CXX_LANGUAGE_STANDARD = "gnu++14";
				CLANG_CXX_LIBRARY = "libc++";
				CLANG_ENABLE_MODULES = YES;
				CLANG_ENABLE_OBJC_ARC = YES;
				CLANG_ENABLE_OBJC_WEAK = YES;
				CLANG_WARN_BLOCK_CAPTURE_AUTORELEASING = YES;
				CLANG_WARN_BOOL_CONVERSION = YES;
				CLANG_WARN_COMMA = YES;
				CLANG_WARN_CONSTANT_CONVERSION = YES;
				CLANG_WARN_DEPRECATED_OBJC_IMPLEMENTATIONS = YES;
				CLANG_WARN_DIRECT_OBJC_ISA_USAGE = YES_ERROR;
				CLANG_WARN_DOCUMENTATION_COMMENTS = YES;
				CLANG_WARN_EMPTY_BODY = YES;
				CLANG_WARN_ENUM_CONVERSION = YES;
				CLANG_WARN_INFINITE_RECURSION = YES;
				CLANG_WARN_INT_CONVERSION = YES;
				CLANG_WARN_NON_LITERAL_NULL_CONVERSION = YES;
				CLANG_WARN_OBJC_IMPLICIT_RETAIN_SELF = YES;
				CLANG_WARN_OBJC_LITERAL_CONVERSION = YES;
				CLANG_WARN_OBJC_ROOT_CLASS = YES_ERROR;
				CLANG_WARN_QUOTED_INCLUDE_IN_FRAMEWORK_HEADER = YES;
				CLANG_WARN_RANGE_LOOP_ANALYSIS = YES;
				CLANG_WARN_STRICT_PROTOTYPES = YES;
				CLANG_WARN_SUSPICIOUS_MOVE = YES;
				CLANG_WARN_UNGUARDED_AVAILABILITY = YES_AGGRESSIVE;
				CLANG_WARN_UNREACHABLE_CODE = YES;
				CLANG_WARN__DUPLICATE_METHOD_MATCH = YES;
				COPY_PHASE_STRIP = NO;
				DEBUG_INFORMATION_FORMAT = "dwarf-with-dsym";
				ENABLE_NS_ASSERTIONS = NO;
				ENABLE_STRICT_OBJC_MSGSEND = YES;
				GCC_C_LANGUAGE_STANDARD = gnu11;
				GCC_NO_COMMON_BLOCKS = YES;
				GCC_WARN_64_TO_32_BIT_CONVERSION = YES;
				GCC_WARN_ABOUT_RETURN_TYPE = YES_ERROR;
				GCC_WARN_UNDECLARED_SELECTOR = YES;
				GCC_WARN_UNINITIALIZED_AUTOS = YES_AGGRESSIVE;
				GCC_WARN_UNUSED_FUNCTION = YES;
				GCC_WARN_UNUSED_VARIABLE = YES;
				IPHONEOS_DEPLOYMENT_TARGET = 14.5;
				MTL_ENABLE_DEBUG_INFO = NO;
				MTL_FAST_MATH = YES;
				SDKROOT = iphoneos;
				SWIFT_COMPILATION_MODE = wholemodule;
				SWIFT_OPTIMIZATION_LEVEL = "-O";
				VALIDATE_PRODUCT = YES;
			};
			name = Release;
		};
		FBF094AD26B3604E00B0EB70 /* Debug */ = {
			isa = XCBuildConfiguration;
			buildSettings = {
				ASSETCATALOG_COMPILER_APPICON_NAME = AppIcon;
				ASSETCATALOG_COMPILER_GLOBAL_ACCENT_COLOR_NAME = AccentColor;
				CODE_SIGN_STYLE = Automatic;
				CURRENT_PROJECT_VERSION = 3;
				DEVELOPMENT_ASSET_PATHS = "\"SkyCue/Preview Content\"";
				DEVELOPMENT_TEAM = YLL9QV7W9W;
				ENABLE_PREVIEWS = YES;
				INFOPLIST_FILE = SkyCue/Info.plist;
				LD_RUNPATH_SEARCH_PATHS = (
					"$(inherited)",
					"@executable_path/Frameworks",
				);
				MARKETING_VERSION = 2.1;
				PRODUCT_BUNDLE_IDENTIFIER = com.leviortega.SkyCue;
				PRODUCT_NAME = "$(TARGET_NAME)";
				SWIFT_VERSION = 5.0;
				TARGETED_DEVICE_FAMILY = "1,2";
			};
			name = Debug;
		};
		FBF094AE26B3604E00B0EB70 /* Release */ = {
			isa = XCBuildConfiguration;
			buildSettings = {
				ASSETCATALOG_COMPILER_APPICON_NAME = AppIcon;
				ASSETCATALOG_COMPILER_GLOBAL_ACCENT_COLOR_NAME = AccentColor;
				CODE_SIGN_STYLE = Automatic;
				CURRENT_PROJECT_VERSION = 3;
				DEVELOPMENT_ASSET_PATHS = "\"SkyCue/Preview Content\"";
				DEVELOPMENT_TEAM = YLL9QV7W9W;
				ENABLE_PREVIEWS = YES;
				INFOPLIST_FILE = SkyCue/Info.plist;
				LD_RUNPATH_SEARCH_PATHS = (
					"$(inherited)",
					"@executable_path/Frameworks",
				);
				MARKETING_VERSION = 2.1;
				PRODUCT_BUNDLE_IDENTIFIER = com.leviortega.SkyCue;
				PRODUCT_NAME = "$(TARGET_NAME)";
				SWIFT_VERSION = 5.0;
				TARGETED_DEVICE_FAMILY = "1,2";
			};
			name = Release;
		};
/* End XCBuildConfiguration section */

/* Begin XCConfigurationList section */
		FBF0949326B3604D00B0EB70 /* Build configuration list for PBXProject "SkyCue" */ = {
			isa = XCConfigurationList;
			buildConfigurations = (
				FBF094AA26B3604E00B0EB70 /* Debug */,
				FBF094AB26B3604E00B0EB70 /* Release */,
			);
			defaultConfigurationIsVisible = 0;
			defaultConfigurationName = Release;
		};
		FBF094AC26B3604E00B0EB70 /* Build configuration list for PBXNativeTarget "SkyCue" */ = {
			isa = XCConfigurationList;
			buildConfigurations = (
				FBF094AD26B3604E00B0EB70 /* Debug */,
				FBF094AE26B3604E00B0EB70 /* Release */,
			);
			defaultConfigurationIsVisible = 0;
			defaultConfigurationName = Release;
		};
/* End XCConfigurationList section */
	};
	rootObject = FBF0949026B3604D00B0EB70 /* Project object */;
}
